// !$*UTF8*$!
{
	archiveVersion = 1;
	classes = {
	};
	objectVersion = 52;
	objects = {

/* Begin PBXBuildFile section */
		7620D3E8259088D5009E3842 /* back_joon_12018.swift in Sources */ = {isa = PBXBuildFile; fileRef = 7620D3E7259088D5009E3842 /* back_joon_12018.swift */; };
		76239D2326BD797F00DE82BB /* back_joon_1152.swift in Sources */ = {isa = PBXBuildFile; fileRef = 76239D2226BD797F00DE82BB /* back_joon_1152.swift */; };
		76285E0027CE4141002DF5AF /* numberAndEng.swift in Sources */ = {isa = PBXBuildFile; fileRef = 76285DFF27CE4141002DF5AF /* numberAndEng.swift */; };
		76285E0227CE50DC002DF5AF /* reverseThreeNum.swift in Sources */ = {isa = PBXBuildFile; fileRef = 76285E0127CE50DC002DF5AF /* reverseThreeNum.swift */; };
		76285E0427D8CDBF002DF5AF /* newsClustering.swift in Sources */ = {isa = PBXBuildFile; fileRef = 76285E0327D8CDBF002DF5AF /* newsClustering.swift */; };
		76285E0627D90072002DF5AF /* OpenChatting.swift in Sources */ = {isa = PBXBuildFile; fileRef = 76285E0527D90072002DF5AF /* OpenChatting.swift */; };
		762ADFC925920AEC00216671 /* back_joon_2980.swift in Sources */ = {isa = PBXBuildFile; fileRef = 762ADFC825920AEC00216671 /* back_joon_2980.swift */; };
		7684F93927E8BDBE00049F97 /* RightRect.swift in Sources */ = {isa = PBXBuildFile; fileRef = 7684F93827E8BDBE00049F97 /* RightRect.swift */; };
		7684F98427F1EEBB00049F97 /* EntryJudge.swift in Sources */ = {isa = PBXBuildFile; fileRef = 7684F98327F1EEBB00049F97 /* EntryJudge.swift */; };
		7684F98627F1F33900049F97 /* DiskController.swift in Sources */ = {isa = PBXBuildFile; fileRef = 7684F98527F1F33900049F97 /* DiskController.swift */; };
		7684F98927F3E8A000049F97 /* Algorithms in Frameworks */ = {isa = PBXBuildFile; productRef = 7684F98827F3E8A000049F97 /* Algorithms */; };
		7684F98C27F3E8CA00049F97 /* Collections in Frameworks */ = {isa = PBXBuildFile; productRef = 7684F98B27F3E8CA00049F97 /* Collections */; };
		7684F98E27F3E8CA00049F97 /* DequeModule in Frameworks */ = {isa = PBXBuildFile; productRef = 7684F98D27F3E8CA00049F97 /* DequeModule */; };
		7684F99027F3E8CA00049F97 /* OrderedCollections in Frameworks */ = {isa = PBXBuildFile; productRef = 7684F98F27F3E8CA00049F97 /* OrderedCollections */; };
		7684F99627FD26FA00049F97 /* NumberGame.swift in Sources */ = {isa = PBXBuildFile; fileRef = 7684F99527FD26FA00049F97 /* NumberGame.swift */; };
		7684F9982807218E00049F97 /* back_joon_1110.swift in Sources */ = {isa = PBXBuildFile; fileRef = 7684F9972807218E00049F97 /* back_joon_1110.swift */; };
		7684F99A2807235300049F97 /* back_joon_11726.swift in Sources */ = {isa = PBXBuildFile; fileRef = 7684F9992807235300049F97 /* back_joon_11726.swift */; };
		7684F99C2810444100049F97 /* back_joon_4344.swift in Sources */ = {isa = PBXBuildFile; fileRef = 7684F99B2810444100049F97 /* back_joon_4344.swift */; };
		7689FC5025838D7400FD1F65 /* main.swift in Sources */ = {isa = PBXBuildFile; fileRef = 7689FC4F25838D7400FD1F65 /* main.swift */; };
		7689FC582584CEE600FD1F65 /* back_joon_17219.swift in Sources */ = {isa = PBXBuildFile; fileRef = 7689FC572584CEE600FD1F65 /* back_joon_17219.swift */; };
		76D1636F282C04990038221B /* back_joon_1235.swift in Sources */ = {isa = PBXBuildFile; fileRef = 76D1636E282C04990038221B /* back_joon_1235.swift */; };
		76D1637128314D230038221B /* back_joon_2075.swift in Sources */ = {isa = PBXBuildFile; fileRef = 76D1637028314D230038221B /* back_joon_2075.swift */; };
		76D163732833F5530038221B /* back_joon_1931.swift in Sources */ = {isa = PBXBuildFile; fileRef = 76D163722833F5530038221B /* back_joon_1931.swift */; };
/* End PBXBuildFile section */

/* Begin PBXCopyFilesBuildPhase section */
		7689FC4A25838D7400FD1F65 /* CopyFiles */ = {
			isa = PBXCopyFilesBuildPhase;
			buildActionMask = 2147483647;
			dstPath = /usr/share/man/man1/;
			dstSubfolderSpec = 0;
			files = (
			);
			runOnlyForDeploymentPostprocessing = 1;
		};
/* End PBXCopyFilesBuildPhase section */

/* Begin PBXFileReference section */
		7620D3E7259088D5009E3842 /* back_joon_12018.swift */ = {isa = PBXFileReference; lastKnownFileType = sourcecode.swift; path = back_joon_12018.swift; sourceTree = "<group>"; };
		76239D2226BD797F00DE82BB /* back_joon_1152.swift */ = {isa = PBXFileReference; lastKnownFileType = sourcecode.swift; path = back_joon_1152.swift; sourceTree = "<group>"; };
		76285DFF27CE4141002DF5AF /* numberAndEng.swift */ = {isa = PBXFileReference; lastKnownFileType = sourcecode.swift; path = numberAndEng.swift; sourceTree = "<group>"; };
		76285E0127CE50DC002DF5AF /* reverseThreeNum.swift */ = {isa = PBXFileReference; lastKnownFileType = sourcecode.swift; path = reverseThreeNum.swift; sourceTree = "<group>"; };
		76285E0327D8CDBF002DF5AF /* newsClustering.swift */ = {isa = PBXFileReference; lastKnownFileType = sourcecode.swift; path = newsClustering.swift; sourceTree = "<group>"; };
		76285E0527D90072002DF5AF /* OpenChatting.swift */ = {isa = PBXFileReference; lastKnownFileType = sourcecode.swift; path = OpenChatting.swift; sourceTree = "<group>"; };
		762ADFC825920AEC00216671 /* back_joon_2980.swift */ = {isa = PBXFileReference; lastKnownFileType = sourcecode.swift; path = back_joon_2980.swift; sourceTree = "<group>"; };
		7684F93827E8BDBE00049F97 /* RightRect.swift */ = {isa = PBXFileReference; lastKnownFileType = sourcecode.swift; path = RightRect.swift; sourceTree = "<group>"; };
		7684F98327F1EEBB00049F97 /* EntryJudge.swift */ = {isa = PBXFileReference; lastKnownFileType = sourcecode.swift; path = EntryJudge.swift; sourceTree = "<group>"; };
		7684F98527F1F33900049F97 /* DiskController.swift */ = {isa = PBXFileReference; lastKnownFileType = sourcecode.swift; path = DiskController.swift; sourceTree = "<group>"; };
		7684F99527FD26FA00049F97 /* NumberGame.swift */ = {isa = PBXFileReference; lastKnownFileType = sourcecode.swift; path = NumberGame.swift; sourceTree = "<group>"; };
		7684F9972807218E00049F97 /* back_joon_1110.swift */ = {isa = PBXFileReference; lastKnownFileType = sourcecode.swift; path = back_joon_1110.swift; sourceTree = "<group>"; };
		7684F9992807235300049F97 /* back_joon_11726.swift */ = {isa = PBXFileReference; lastKnownFileType = sourcecode.swift; path = back_joon_11726.swift; sourceTree = "<group>"; };
		7684F99B2810444100049F97 /* back_joon_4344.swift */ = {isa = PBXFileReference; lastKnownFileType = sourcecode.swift; path = back_joon_4344.swift; sourceTree = "<group>"; };
		7689FC4C25838D7400FD1F65 /* Algorithm_Syudy */ = {isa = PBXFileReference; explicitFileType = "compiled.mach-o.executable"; includeInIndex = 0; path = Algorithm_Syudy; sourceTree = BUILT_PRODUCTS_DIR; };
		7689FC4F25838D7400FD1F65 /* main.swift */ = {isa = PBXFileReference; lastKnownFileType = sourcecode.swift; path = main.swift; sourceTree = "<group>"; };
		7689FC572584CEE600FD1F65 /* back_joon_17219.swift */ = {isa = PBXFileReference; lastKnownFileType = sourcecode.swift; path = back_joon_17219.swift; sourceTree = "<group>"; };
		76D1636E282C04990038221B /* back_joon_1235.swift */ = {isa = PBXFileReference; lastKnownFileType = sourcecode.swift; path = back_joon_1235.swift; sourceTree = "<group>"; };
		76D1637028314D230038221B /* back_joon_2075.swift */ = {isa = PBXFileReference; lastKnownFileType = sourcecode.swift; path = back_joon_2075.swift; sourceTree = "<group>"; };
		76D163722833F5530038221B /* back_joon_1931.swift */ = {isa = PBXFileReference; lastKnownFileType = sourcecode.swift; path = back_joon_1931.swift; sourceTree = "<group>"; };
/* End PBXFileReference section */

/* Begin PBXFrameworksBuildPhase section */
		7689FC4925838D7400FD1F65 /* Frameworks */ = {
			isa = PBXFrameworksBuildPhase;
			buildActionMask = 2147483647;
			files = (
				7684F98C27F3E8CA00049F97 /* Collections in Frameworks */,
				7684F98927F3E8A000049F97 /* Algorithms in Frameworks */,
				7684F99027F3E8CA00049F97 /* OrderedCollections in Frameworks */,
				7684F98E27F3E8CA00049F97 /* DequeModule in Frameworks */,
			);
			runOnlyForDeploymentPostprocessing = 0;
		};
/* End PBXFrameworksBuildPhase section */

/* Begin PBXGroup section */
		7689FC4325838D7400FD1F65 = {
			isa = PBXGroup;
			children = (
				7689FC4E25838D7400FD1F65 /* Algorithm_Syudy */,
				7689FC4D25838D7400FD1F65 /* Products */,
			);
			sourceTree = "<group>";
		};
		7689FC4D25838D7400FD1F65 /* Products */ = {
			isa = PBXGroup;
			children = (
				7689FC4C25838D7400FD1F65 /* Algorithm_Syudy */,
			);
			name = Products;
			sourceTree = "<group>";
		};
		7689FC4E25838D7400FD1F65 /* Algorithm_Syudy */ = {
			isa = PBXGroup;
			children = (
				7689FC4F25838D7400FD1F65 /* main.swift */,
				7689FC572584CEE600FD1F65 /* back_joon_17219.swift */,
				7620D3E7259088D5009E3842 /* back_joon_12018.swift */,
				762ADFC825920AEC00216671 /* back_joon_2980.swift */,
				76239D2226BD797F00DE82BB /* back_joon_1152.swift */,
				76285DFF27CE4141002DF5AF /* numberAndEng.swift */,
				76285E0127CE50DC002DF5AF /* reverseThreeNum.swift */,
				76285E0327D8CDBF002DF5AF /* newsClustering.swift */,
				76285E0527D90072002DF5AF /* OpenChatting.swift */,
				7684F93827E8BDBE00049F97 /* RightRect.swift */,
				7684F98327F1EEBB00049F97 /* EntryJudge.swift */,
				7684F98527F1F33900049F97 /* DiskController.swift */,
				7684F99527FD26FA00049F97 /* NumberGame.swift */,
				7684F9972807218E00049F97 /* back_joon_1110.swift */,
				76D1637028314D230038221B /* back_joon_2075.swift */,
				76D163722833F5530038221B /* back_joon_1931.swift */,
				7684F9992807235300049F97 /* back_joon_11726.swift */,
				7684F99B2810444100049F97 /* back_joon_4344.swift */,
				76D1636E282C04990038221B /* back_joon_1235.swift */,
			);
			path = Algorithm_Syudy;
			sourceTree = "<group>";
		};
/* End PBXGroup section */

/* Begin PBXNativeTarget section */
		7689FC4B25838D7400FD1F65 /* Algorithm_Syudy */ = {
			isa = PBXNativeTarget;
			buildConfigurationList = 7689FC5325838D7400FD1F65 /* Build configuration list for PBXNativeTarget "Algorithm_Syudy" */;
			buildPhases = (
				7689FC4825838D7400FD1F65 /* Sources */,
				7689FC4925838D7400FD1F65 /* Frameworks */,
				7689FC4A25838D7400FD1F65 /* CopyFiles */,
			);
			buildRules = (
			);
			dependencies = (
			);
			name = Algorithm_Syudy;
			packageProductDependencies = (
				7684F98827F3E8A000049F97 /* Algorithms */,
				7684F98B27F3E8CA00049F97 /* Collections */,
				7684F98D27F3E8CA00049F97 /* DequeModule */,
				7684F98F27F3E8CA00049F97 /* OrderedCollections */,
			);
			productName = Algorithm_Syudy;
			productReference = 7689FC4C25838D7400FD1F65 /* Algorithm_Syudy */;
			productType = "com.apple.product-type.tool";
		};
/* End PBXNativeTarget section */

/* Begin PBXProject section */
		7689FC4425838D7400FD1F65 /* Project object */ = {
			isa = PBXProject;
			attributes = {
				LastSwiftUpdateCheck = 1220;
				LastUpgradeCheck = 1220;
				TargetAttributes = {
					7689FC4B25838D7400FD1F65 = {
						CreatedOnToolsVersion = 12.2;
					};
				};
			};
			buildConfigurationList = 7689FC4725838D7400FD1F65 /* Build configuration list for PBXProject "Algorithm_Syudy" */;
			compatibilityVersion = "Xcode 9.3";
			developmentRegion = en;
			hasScannedForEncodings = 0;
			knownRegions = (
				en,
				Base,
			);
			mainGroup = 7689FC4325838D7400FD1F65;
			packageReferences = (
				7684F98727F3E8A000049F97 /* XCRemoteSwiftPackageReference "swift-algorithms" */,
				7684F98A27F3E8CA00049F97 /* XCRemoteSwiftPackageReference "swift-collections" */,
			);
			productRefGroup = 7689FC4D25838D7400FD1F65 /* Products */;
			projectDirPath = "";
			projectRoot = "";
			targets = (
				7689FC4B25838D7400FD1F65 /* Algorithm_Syudy */,
			);
		};
/* End PBXProject section */

/* Begin PBXSourcesBuildPhase section */
		7689FC4825838D7400FD1F65 /* Sources */ = {
			isa = PBXSourcesBuildPhase;
			buildActionMask = 2147483647;
			files = (
				76D1637128314D230038221B /* back_joon_2075.swift in Sources */,
				76285E0227CE50DC002DF5AF /* reverseThreeNum.swift in Sources */,
				7684F98427F1EEBB00049F97 /* EntryJudge.swift in Sources */,
				7684F98627F1F33900049F97 /* DiskController.swift in Sources */,
				7684F99C2810444100049F97 /* back_joon_4344.swift in Sources */,
				76D163732833F5530038221B /* back_joon_1931.swift in Sources */,
				7689FC5025838D7400FD1F65 /* main.swift in Sources */,
				7684F93927E8BDBE00049F97 /* RightRect.swift in Sources */,
				7684F99A2807235300049F97 /* back_joon_11726.swift in Sources */,
				7620D3E8259088D5009E3842 /* back_joon_12018.swift in Sources */,
				7689FC582584CEE600FD1F65 /* back_joon_17219.swift in Sources */,
				7684F9982807218E00049F97 /* back_joon_1110.swift in Sources */,
				76285E0627D90072002DF5AF /* OpenChatting.swift in Sources */,
				76285E0427D8CDBF002DF5AF /* newsClustering.swift in Sources */,
				76239D2326BD797F00DE82BB /* back_joon_1152.swift in Sources */,
				762ADFC925920AEC00216671 /* back_joon_2980.swift in Sources */,
				76285E0027CE4141002DF5AF /* numberAndEng.swift in Sources */,
				7684F99627FD26FA00049F97 /* NumberGame.swift in Sources */,
				76D1636F282C04990038221B /* back_joon_1235.swift in Sources */,
			);
			runOnlyForDeploymentPostprocessing = 0;
		};
/* End PBXSourcesBuildPhase section */

/* Begin XCBuildConfiguration section */
		7689FC5125838D7400FD1F65 /* Debug */ = {
			isa = XCBuildConfiguration;
			buildSettings = {
				ALWAYS_SEARCH_USER_PATHS = NO;
				CLANG_ANALYZER_NONNULL = YES;
				CLANG_ANALYZER_NUMBER_OBJECT_CONVERSION = YES_AGGRESSIVE;
				CLANG_CXX_LANGUAGE_STANDARD = "gnu++14";
				CLANG_CXX_LIBRARY = "libc++";
				CLANG_ENABLE_MODULES = YES;
				CLANG_ENABLE_OBJC_ARC = YES;
				CLANG_ENABLE_OBJC_WEAK = YES;
				CLANG_WARN_BLOCK_CAPTURE_AUTORELEASING = YES;
				CLANG_WARN_BOOL_CONVERSION = YES;
				CLANG_WARN_COMMA = YES;
				CLANG_WARN_CONSTANT_CONVERSION = YES;
				CLANG_WARN_DEPRECATED_OBJC_IMPLEMENTATIONS = YES;
				CLANG_WARN_DIRECT_OBJC_ISA_USAGE = YES_ERROR;
				CLANG_WARN_DOCUMENTATION_COMMENTS = YES;
				CLANG_WARN_EMPTY_BODY = YES;
				CLANG_WARN_ENUM_CONVERSION = YES;
				CLANG_WARN_INFINITE_RECURSION = YES;
				CLANG_WARN_INT_CONVERSION = YES;
				CLANG_WARN_NON_LITERAL_NULL_CONVERSION = YES;
				CLANG_WARN_OBJC_IMPLICIT_RETAIN_SELF = YES;
				CLANG_WARN_OBJC_LITERAL_CONVERSION = YES;
				CLANG_WARN_OBJC_ROOT_CLASS = YES_ERROR;
				CLANG_WARN_QUOTED_INCLUDE_IN_FRAMEWORK_HEADER = YES;
				CLANG_WARN_RANGE_LOOP_ANALYSIS = YES;
				CLANG_WARN_STRICT_PROTOTYPES = YES;
				CLANG_WARN_SUSPICIOUS_MOVE = YES;
				CLANG_WARN_UNGUARDED_AVAILABILITY = YES_AGGRESSIVE;
				CLANG_WARN_UNREACHABLE_CODE = YES;
				CLANG_WARN__DUPLICATE_METHOD_MATCH = YES;
				COPY_PHASE_STRIP = NO;
				DEBUG_INFORMATION_FORMAT = dwarf;
				ENABLE_STRICT_OBJC_MSGSEND = YES;
				ENABLE_TESTABILITY = YES;
				GCC_C_LANGUAGE_STANDARD = gnu11;
				GCC_DYNAMIC_NO_PIC = NO;
				GCC_NO_COMMON_BLOCKS = YES;
				GCC_OPTIMIZATION_LEVEL = 0;
				GCC_PREPROCESSOR_DEFINITIONS = (
					"DEBUG=1",
					"$(inherited)",
				);
				GCC_WARN_64_TO_32_BIT_CONVERSION = YES;
				GCC_WARN_ABOUT_RETURN_TYPE = YES_ERROR;
				GCC_WARN_UNDECLARED_SELECTOR = YES;
				GCC_WARN_UNINITIALIZED_AUTOS = YES_AGGRESSIVE;
				GCC_WARN_UNUSED_FUNCTION = YES;
				GCC_WARN_UNUSED_VARIABLE = YES;
				MACOSX_DEPLOYMENT_TARGET = 10.15;
				MTL_ENABLE_DEBUG_INFO = INCLUDE_SOURCE;
				MTL_FAST_MATH = YES;
				ONLY_ACTIVE_ARCH = YES;
				SDKROOT = macosx;
				SWIFT_ACTIVE_COMPILATION_CONDITIONS = DEBUG;
				SWIFT_OPTIMIZATION_LEVEL = "-Onone";
			};
			name = Debug;
		};
		7689FC5225838D7400FD1F65 /* Release */ = {
			isa = XCBuildConfiguration;
			buildSettings = {
				ALWAYS_SEARCH_USER_PATHS = NO;
				CLANG_ANALYZER_NONNULL = YES;
				CLANG_ANALYZER_NUMBER_OBJECT_CONVERSION = YES_AGGRESSIVE;
				CLANG_CXX_LANGUAGE_STANDARD = "gnu++14";
				CLANG_CXX_LIBRARY = "libc++";
				CLANG_ENABLE_MODULES = YES;
				CLANG_ENABLE_OBJC_ARC = YES;
				CLANG_ENABLE_OBJC_WEAK = YES;
				CLANG_WARN_BLOCK_CAPTURE_AUTORELEASING = YES;
				CLANG_WARN_BOOL_CONVERSION = YES;
				CLANG_WARN_COMMA = YES;
				CLANG_WARN_CONSTANT_CONVERSION = YES;
				CLANG_WARN_DEPRECATED_OBJC_IMPLEMENTATIONS = YES;
				CLANG_WARN_DIRECT_OBJC_ISA_USAGE = YES_ERROR;
				CLANG_WARN_DOCUMENTATION_COMMENTS = YES;
				CLANG_WARN_EMPTY_BODY = YES;
				CLANG_WARN_ENUM_CONVERSION = YES;
				CLANG_WARN_INFINITE_RECURSION = YES;
				CLANG_WARN_INT_CONVERSION = YES;
				CLANG_WARN_NON_LITERAL_NULL_CONVERSION = YES;
				CLANG_WARN_OBJC_IMPLICIT_RETAIN_SELF = YES;
				CLANG_WARN_OBJC_LITERAL_CONVERSION = YES;
				CLANG_WARN_OBJC_ROOT_CLASS = YES_ERROR;
				CLANG_WARN_QUOTED_INCLUDE_IN_FRAMEWORK_HEADER = YES;
				CLANG_WARN_RANGE_LOOP_ANALYSIS = YES;
				CLANG_WARN_STRICT_PROTOTYPES = YES;
				CLANG_WARN_SUSPICIOUS_MOVE = YES;
				CLANG_WARN_UNGUARDED_AVAILABILITY = YES_AGGRESSIVE;
				CLANG_WARN_UNREACHABLE_CODE = YES;
				CLANG_WARN__DUPLICATE_METHOD_MATCH = YES;
				COPY_PHASE_STRIP = NO;
				DEBUG_INFORMATION_FORMAT = "dwarf-with-dsym";
				ENABLE_NS_ASSERTIONS = NO;
				ENABLE_STRICT_OBJC_MSGSEND = YES;
				GCC_C_LANGUAGE_STANDARD = gnu11;
				GCC_NO_COMMON_BLOCKS = YES;
				GCC_WARN_64_TO_32_BIT_CONVERSION = YES;
				GCC_WARN_ABOUT_RETURN_TYPE = YES_ERROR;
				GCC_WARN_UNDECLARED_SELECTOR = YES;
				GCC_WARN_UNINITIALIZED_AUTOS = YES_AGGRESSIVE;
				GCC_WARN_UNUSED_FUNCTION = YES;
				GCC_WARN_UNUSED_VARIABLE = YES;
				MACOSX_DEPLOYMENT_TARGET = 10.15;
				MTL_ENABLE_DEBUG_INFO = NO;
				MTL_FAST_MATH = YES;
				SDKROOT = macosx;
				SWIFT_COMPILATION_MODE = wholemodule;
				SWIFT_OPTIMIZATION_LEVEL = "-O";
			};
			name = Release;
		};
		7689FC5425838D7400FD1F65 /* Debug */ = {
			isa = XCBuildConfiguration;
			buildSettings = {
				CODE_SIGN_IDENTITY = "-";
				CODE_SIGN_STYLE = Automatic;
				DEVELOPMENT_TEAM = 4B3FA9X6ZD;
				ENABLE_HARDENED_RUNTIME = YES;
				PRODUCT_NAME = "$(TARGET_NAME)";
				PROVISIONING_PROFILE_SPECIFIER = "";
				SWIFT_VERSION = 5.0;
			};
			name = Debug;
		};
		7689FC5525838D7400FD1F65 /* Release */ = {
			isa = XCBuildConfiguration;
			buildSettings = {
				CODE_SIGN_IDENTITY = "-";
				CODE_SIGN_STYLE = Automatic;
				DEVELOPMENT_TEAM = 4B3FA9X6ZD;
				ENABLE_HARDENED_RUNTIME = YES;
				PRODUCT_NAME = "$(TARGET_NAME)";
				PROVISIONING_PROFILE_SPECIFIER = "";
				SWIFT_VERSION = 5.0;
			};
			name = Release;
		};
/* End XCBuildConfiguration section */

/* Begin XCConfigurationList section */
		7689FC4725838D7400FD1F65 /* Build configuration list for PBXProject "Algorithm_Syudy" */ = {
			isa = XCConfigurationList;
			buildConfigurations = (
				7689FC5125838D7400FD1F65 /* Debug */,
				7689FC5225838D7400FD1F65 /* Release */,
			);
			defaultConfigurationIsVisible = 0;
			defaultConfigurationName = Release;
		};
		7689FC5325838D7400FD1F65 /* Build configuration list for PBXNativeTarget "Algorithm_Syudy" */ = {
			isa = XCConfigurationList;
			buildConfigurations = (
				7689FC5425838D7400FD1F65 /* Debug */,
				7689FC5525838D7400FD1F65 /* Release */,
			);
			defaultConfigurationIsVisible = 0;
			defaultConfigurationName = Release;
		};
/* End XCConfigurationList section */

/* Begin XCRemoteSwiftPackageReference section */
		7684F98727F3E8A000049F97 /* XCRemoteSwiftPackageReference "swift-algorithms" */ = {
			isa = XCRemoteSwiftPackageReference;
			repositoryURL = "https://github.com/apple/swift-algorithms.git";
			requirement = {
				kind = upToNextMajorVersion;
				minimumVersion = 1.0.0;
			};
		};
		7684F98A27F3E8CA00049F97 /* XCRemoteSwiftPackageReference "swift-collections" */ = {
			isa = XCRemoteSwiftPackageReference;
			repositoryURL = "https://github.com/apple/swift-collections.git";
			requirement = {
				kind = upToNextMajorVersion;
				minimumVersion = 1.0.0;
			};
		};
/* End XCRemoteSwiftPackageReference section */

/* Begin XCSwiftPackageProductDependency section */
		7684F98827F3E8A000049F97 /* Algorithms */ = {
			isa = XCSwiftPackageProductDependency;
			package = 7684F98727F3E8A000049F97 /* XCRemoteSwiftPackageReference "swift-algorithms" */;
			productName = Algorithms;
		};
		7684F98B27F3E8CA00049F97 /* Collections */ = {
			isa = XCSwiftPackageProductDependency;
			package = 7684F98A27F3E8CA00049F97 /* XCRemoteSwiftPackageReference "swift-collections" */;
			productName = Collections;
		};
		7684F98D27F3E8CA00049F97 /* DequeModule */ = {
			isa = XCSwiftPackageProductDependency;
			package = 7684F98A27F3E8CA00049F97 /* XCRemoteSwiftPackageReference "swift-collections" */;
			productName = DequeModule;
		};
		7684F98F27F3E8CA00049F97 /* OrderedCollections */ = {
			isa = XCSwiftPackageProductDependency;
			package = 7684F98A27F3E8CA00049F97 /* XCRemoteSwiftPackageReference "swift-collections" */;
			productName = OrderedCollections;
		};
/* End XCSwiftPackageProductDependency section */
	};
	rootObject = 7689FC4425838D7400FD1F65 /* Project object */;
}
